
Microsoft Visual Studio Solution File, Format Version 12.00
# Visual Studio Version 17
VisualStudioVersion = 17.13.35818.85 d17.13
MinimumVisualStudioVersion = 10.0.40219.1
Project("{FAE04EC0-301F-11D3-BF4B-00C04F79EFBC}") = "TylerClicker2", "TylerClicker2.csproj", "{DD9F567C-D530-4786-BC31-3DF8053CEB45}"
EndProject
Global
	GlobalSection(SolutionConfigurationPlatforms) = preSolution
		Debug|Any CPU = Debug|Any CPU
		Release|Any CPU = Release|Any CPU
	EndGlobalSection
	GlobalSection(ProjectConfigurationPlatforms) = postSolution
		{DD9F567C-D530-4786-BC31-3DF8053CEB45}.Debug|Any CPU.ActiveCfg = Debug|Any CPU
		{DD9F567C-D530-4786-BC31-3DF8053CEB45}.Debug|Any CPU.Build.0 = Debug|Any CPU
		{DD9F567C-D530-4786-BC31-3DF8053CEB45}.Release|Any CPU.ActiveCfg = Release|Any CPU
		{DD9F567C-D530-4786-BC31-3DF8053CEB45}.Release|Any CPU.Build.0 = Release|Any CPU
	EndGlobalSection
	GlobalSection(SolutionProperties) = preSolution
		HideSolutionNode = FALSE
	EndGlobalSection
	GlobalSection(ExtensibilityGlobals) = postSolution
		SolutionGuid = {DC6A82EB-E136-4283-8F4D-DE1655F1A320}
	EndGlobalSection
EndGlobal
